github.com/creack/pty v1.1.9/go.mod h1:oKZEueFk5CKHvIhNR5MUki03XCEU+Q6VDXinZuGJ33E=
github.com/davecgh/go-spew v1.1.2-0.20180830191138-d8f796af33cc h1:U9qPSI2PIWSS1VwoXQT9A3Wy9MM3WgvqSxFWenqJduM=
github.com/davecgh/go-spew v1.1.2-0.20180830191138-d8f796af33cc/go.mod h1:J7Y8YcW2NihsgmVo/mv3lAwl/skON4iLHjSsI+c5H38=
github.com/elastic/elastic-transport-go/v8 v8.3.0 h1:DJGxovyQLXGr62e9nDMPSxRyWION0Bh6d9eCFBriiHo=
github.com/elastic/elastic-transport-go/v8 v8.3.0/go.mod h1:87Tcz8IVNe6rVSLdBux1o/PEItLtyabHU3naC7IoqKI=
github.com/elastic/elastic-transport-go/v8 v8.6.0 h1:Y2S/FBjx1LlCv5m6pWAF2kDJAHoSjSRSJCApolgfthA=
github.com/elastic/elastic-transport-go/v8 v8.6.0/go.mod h1:YLHer5cj0csTzNFXoNQ8qhtGY1GTvSqPnKWKaqQE3Hk=
github.com/elastic/go-elasticsearch/v8 v8.11.1 h1:1VgTgUTbpqQZ4uE+cPjkOvy/8aw1ZvKcU0ZUE5Cn1mc=
github.com/elastic/go-elasticsearch/v8 v8.11.1/go.mod h1:GU1BJHO7WeamP7UhuElYwzzHtvf9SDmeVpSSy9+o6Qg=
github.com/elastic/go-elasticsearch/v8 v8.14.0 h1:1ywU8WFReLLcxE1WJqii3hTtbPUE2hc38ZK/j4mMFow=
github.com/elastic/go-elasticsearch/v8 v8.14.0/go.mod h1:WRvnlGkSuZyp83M2U8El/LGXpCjYLrvlkSgkAH4O5I4=
github.com/go-logr/logr v1.2.2/go.mod h1:jdQByPbusPIv2/zmleS9BjJVeZ6kBagPoEUsqbVz/1A=
github.com/go-logr/logr v1.4.1 h1:pKouT5E8xu9zeFC39JXRDukb6JFQPXM5p5I91188VAQ=
github.com/go-logr/logr v1.4.1/go.mod h1:9T104GzyrTigFIr8wt5mBrctHMim0Nb2HLGrmQ40KvY=
github.com/go-logr/stdr v1.2.2 h1:hSWxHoqTgW2S2qGc0LTAI563KZ5YKYRhT3MFKZMbjag=
github.com/go-logr/stdr v1.2.2/go.mod h1:mMo/vtBO5dYbehREoey6XUKy/eSumjCCveDpRre4VKE=
github.com/kr/pretty v0.2.1/go.mod h1:ipq/a2n7PKx3OHsz4KJII5eveXtPO4qwEXGdVfWzfnI=
github.com/kr/pretty v0.3.1 h1:flRD4NNwYAUpkphVc1HcthR4KEIFJ65n8Mw5qdRn3LE=
github.com/kr/pretty v0.3.1/go.mod h1:hoEshYVHaxMs3cyo3Yncou5ZscifuDolrwPKZanG3xk=
github.com/kr/pty v1.1.1/go.mod h1:pFQYn66WHrOpPYNljwOMqo10TkYh1fy3cYio2l3bCsQ=
github.com/kr/text v0.1.0/go.mod h1:4Jbv+DJW3UT/LiOwJeYQe1efqtUx/iVham/4vfdArNI=
github.com/kr/text v0.2.0 h1:5Nx0Ya0ZqY2ygV366QzturHI13Jq95ApcVaJBhpS+AY=
github.com/kr/text v0.2.0/go.mod h1:eLer722TekiGuMkidMxC/pM04lWEeraHUUmBw8l2grE=
github.com/odysseia-greek/agora/aristoteles v0.1.6 h1:J3Og0pb7KeNRRJ1PMvZZuZMgvS+ZrGpiqijFPl1G6kg=
github.com/odysseia-greek/agora/aristoteles v0.1.6/go.mod h1:vZaZDhBf6Y4vvAPlo1zAES0TGGqcYykC6AwABpgU3Zw=
github.com/odysseia-greek/agora/aristoteles v0.1.7 h1:PzrXMY7BQ0IIRRuRx8hlWLd9yjLGzuzA9CXGg+AqMr8=
github.com/odysseia-greek/agora/aristoteles v0.1.7/go.mod h1:vZaZDhBf6Y4vvAPlo1zAES0TGGqcYykC6AwABpgU3Zw=
github.com/odysseia-greek/agora/aristoteles v0.1.8 h1:SAEEnGHLT4biduwU9RMZ6KmH1z0GOEIL3KzQCY08GRM=
github.com/odysseia-greek/agora/aristoteles v0.1.8/go.mod h1:x8af/FdztfJHLRr/ANnkBEvF9CLK2TxqS0lYzjGjug0=
github.com/odysseia-greek/agora/plato v0.1.17 h1:ZY+W5dNNx+5twI+EdoKXTsjsHf6sci5tc8Om3+5wNfs=
github.com/odysseia-greek/agora/plato v0.1.17/go.mod h1:P+HXT0Jy1tggm/6SD2f58AEVT+lEvrpxlbKtqTZZrB8=
github.com/odysseia-greek/agora/plato v0.1.41 h1:zxcYI20D9hiBlh1rkPnRWqQdZeH0rKJlD0ufA0+iOD8=
github.com/odysseia-greek/agora/plato v0.1.41/go.mod h1:P+HXT0Jy1tggm/6SD2f58AEVT+lEvrpxlbKtqTZZrB8=
github.com/odysseia-greek/agora/plato v0.1.45 h1:SoZ021xMqumwH+p+xnrpmrFYs6xIf7ret6HOG9OskD8=
github.com/odysseia-greek/agora/plato v0.1.45/go.mod h1:P+HXT0Jy1tggm/6SD2f58AEVT+lEvrpxlbKtqTZZrB8=
github.com/pkg/diff v0.0.0-20210226163009-20ebb0f2a09e/go.mod h1:pJLUxLENpZxwdsKMEsNbx1VGcRFpLqf3715MtcvvzbA=
github.com/pmezard/go-difflib v1.0.1-0.20181226105442-5d4384ee4fb2 h1:Jamvg5psRIccs7FGNTlIRMkT8wgtp5eCXdBlqhYGL6U=
github.com/pmezard/go-difflib v1.0.1-0.20181226105442-5d4384ee4fb2/go.mod h1:iKH77koFhYxTK1pcRnkKkqfTogsbg7gZNVY4sRDYZ/4=
github.com/rogpeppe/go-internal v1.9.0 h1:73kH8U+JUqXU8lRuOHeVHaa/SZPifC7BkcraZVejAe8=
github.com/rogpeppe/go-internal v1.9.0/go.mod h1:WtVeX8xhTBvf0smdhujwtBcq4Qrzq/fJaraNFVN+nFs=
github.com/stretchr/testify v1.9.0 h1:HtqpIVDClZ4nwg75+f6Lvsy/wHu+3BoSGCbBAcpTsTg=
github.com/stretchr/testify v1.9.0/go.mod h1:r2ic/lqez/lEtzL7wO/rwa5dbSLXVDPFyf8C91i36aY=
github.com/stretchr/testify v1.10.0 h1:Xv5erBjTwe/5IxqUQTdXv5kgmIvbHo3QQyRwhJsOfJA=
github.com/stretchr/testify v1.10.0/go.mod h1:r2ic/lqez/lEtzL7wO/rwa5dbSLXVDPFyf8C91i36aY=
go.opentelemetry.io/otel v1.24.0 h1:0LAOdjNmQeSTzGBzduGe/rU4tZhMwL5rWgtp9Ku5Jfo=
go.opentelemetry.io/otel v1.24.0/go.mod h1:W7b9Ozg4nkF5tWI5zsXkaKKDjdVjpD4oAt9Qi/MArHo=
go.opentelemetry.io/otel/metric v1.24.0 h1:6EhoGWWK28x1fbpA4tYTOWBkPefTDQnb8WSGXlc88kI=
go.opentelemetry.io/otel/metric v1.24.0/go.mod h1:VYhLe1rFfxuTXLgj4CBiyz+9WYBA8pNGJgDcSFRKBco=
go.opentelemetry.io/otel/trace v1.24.0 h1:CsKnnL4dUAr/0llH9FKuc698G04IrpWV0MQA/Y1YELI=
go.opentelemetry.io/otel/trace v1.24.0/go.mod h1:HPc3Xr/cOApsBI154IU0OI0HJexz+aw5uPdbs3UCjNU=
gopkg.in/check.v1 v0.0.0-20161208181325-20d25e280405/go.mod h1:Co6ibVJAznAaIkqp8huTwlJQCZ016jof/cbN4VW5Yz0=
gopkg.in/check.v1 v1.0.0-20201130134442-10cb98267c6c h1:Hei/4ADfdWqJk1ZMxUNpqntNwaWcugrBjAiHlqqRiVk=
gopkg.in/check.v1 v1.0.0-20201130134442-10cb98267c6c/go.mod h1:JHkPIbrfpd72SG/EVd6muEfDQjcINNoR0C8j2r3qZ4Q=
gopkg.in/yaml.v3 v3.0.1 h1:fxVm/GzAzEWqLHuvctI91KS9hhNmmWOoWu0XTYJS7CA=
gopkg.in/yaml.v3 v3.0.1/go.mod h1:K4uyk7z7BCEPqu6E+C64Yfv1cQ7kz7rIZviUmN+EgEM=
